
Microsoft Visual Studio Solution File, Format Version 12.00
# Visual Studio Version 17
VisualStudioVersion = 17.13.35931.197 d17.13
MinimumVisualStudioVersion = 10.0.40219.1
Project("{FAE04EC0-301F-11D3-BF4B-00C04F79EFBC}") = "EmployeeAdminPortal", "EmployeeAdminPortal\EmployeeAdminPortal.csproj", "{9733A669-1ADC-4C2E-AB81-F706E25491C6}"
EndProject
Global
	GlobalSection(SolutionConfigurationPlatforms) = preSolution
		Debug|Any CPU = Debug|Any CPU
		Release|Any CPU = Release|Any CPU
	EndGlobalSection
	GlobalSection(ProjectConfigurationPlatforms) = postSolution
		{9733A669-1ADC-4C2E-AB81-F706E25491C6}.Debug|Any CPU.ActiveCfg = Debug|Any CPU
		{9733A669-1ADC-4C2E-AB81-F706E25491C6}.Debug|Any CPU.Build.0 = Debug|Any CPU
		{9733A669-1ADC-4C2E-AB81-F706E25491C6}.Release|Any CPU.ActiveCfg = Release|Any CPU
		{9733A669-1ADC-4C2E-AB81-F706E25491C6}.Release|Any CPU.Build.0 = Release|Any CPU
	EndGlobalSection
	GlobalSection(SolutionProperties) = preSolution
		HideSolutionNode = FALSE
	EndGlobalSection
	GlobalSection(ExtensibilityGlobals) = postSolution
		SolutionGuid = {9058E4B0-8FDF-401D-8927-02C6CF0A9233}
	EndGlobalSection
EndGlobal
